Microsoft Visual Studio Solution File, Format Version 11.00
# Visual Studio 2008

Project("{C0041587-EFCD-46E0-7495-46F6CF177247}") = "Jawi", "Assembly-CSharp.csproj", "{5F4B4FFB-2333-9814-37B6-62577A3A6581}"
EndProject
Project("{C0041587-EFCD-46E0-7495-46F6CF177247}") = "Jawi", "Assembly-CSharp-Editor.csproj", "{83429DED-5DDA-3E0B-88F0-04F005D0A423}"
EndProject
Global
	GlobalSection(SolutionConfigurationPlatforms) = preSolution
		Debug|Any CPU = Debug|Any CPU
		Release|Any CPU = Release|Any CPU
	EndGlobalSection
	GlobalSection(ProjectConfigurationPlatforms) = postSolution
		{5F4B4FFB-2333-9814-37B6-62577A3A6581}.Debug|Any CPU.ActiveCfg = Debug|Any CPU
		{5F4B4FFB-2333-9814-37B6-62577A3A6581}.Debug|Any CPU.Build.0 = Debug|Any CPU
		{5F4B4FFB-2333-9814-37B6-62577A3A6581}.Release|Any CPU.ActiveCfg = Release|Any CPU
		{5F4B4FFB-2333-9814-37B6-62577A3A6581}.Release|Any CPU.Build.0 = Release|Any CPU
		{83429DED-5DDA-3E0B-88F0-04F005D0A423}.Debug|Any CPU.ActiveCfg = Debug|Any CPU
		{83429DED-5DDA-3E0B-88F0-04F005D0A423}.Debug|Any CPU.Build.0 = Debug|Any CPU
		{83429DED-5DDA-3E0B-88F0-04F005D0A423}.Release|Any CPU.ActiveCfg = Release|Any CPU
		{83429DED-5DDA-3E0B-88F0-04F005D0A423}.Release|Any CPU.Build.0 = Release|Any CPU
	EndGlobalSection
	GlobalSection(SolutionProperties) = preSolution
		HideSolutionNode = FALSE
	EndGlobalSection
	GlobalSection(MonoDevelopProperties) = preSolution
		StartupItem = Assembly-CSharp.csproj
	EndGlobalSection
EndGlobal
